
Microsoft Visual Studio Solution File, Format Version 12.00
# Visual Studio Version 17
VisualStudioVersion = 17.14.36518.9 d17.14
MinimumVisualStudioVersion = 10.0.40219.1
Project("{FAE04EC0-301F-11D3-BF4B-00C04F79EFBC}") = "GradPlatformApi", "GradPlatformApi\GradPlatformApi.csproj", "{2BFCAB5B-12C9-4AAE-8200-CB634FDEDC82}"
EndProject
Global
	GlobalSection(SolutionConfigurationPlatforms) = preSolution
		Debug|Any CPU = Debug|Any CPU
		Release|Any CPU = Release|Any CPU
	EndGlobalSection
	GlobalSection(ProjectConfigurationPlatforms) = postSolution
		{2BFCAB5B-12C9-4AAE-8200-CB634FDEDC82}.Debug|Any CPU.ActiveCfg = Debug|Any CPU
		{2BFCAB5B-12C9-4AAE-8200-CB634FDEDC82}.Debug|Any CPU.Build.0 = Debug|Any CPU
		{2BFCAB5B-12C9-4AAE-8200-CB634FDEDC82}.Release|Any CPU.ActiveCfg = Release|Any CPU
		{2BFCAB5B-12C9-4AAE-8200-CB634FDEDC82}.Release|Any CPU.Build.0 = Release|Any CPU
	EndGlobalSection
	GlobalSection(SolutionProperties) = preSolution
		HideSolutionNode = FALSE
	EndGlobalSection
	GlobalSection(ExtensibilityGlobals) = postSolution
		SolutionGuid = {D0F5A08D-EC74-421A-BC25-304C55635E63}
	EndGlobalSection
EndGlobal
